github.com/GoMetric/go-statsd-client v0.0.0-20191006202127-dc032ac6197b h1:ytXDV23MneTV2RePFwEedsaxnDUgR1MfRMVH/KgIW8w=
github.com/GoMetric/go-statsd-client v0.0.0-20191006202127-dc032ac6197b/go.mod h1:B44qfLbrIFTm9+Xhqhep07th+soi+/t8g9HKwUvDlAk=
github.com/GoMetric/go-statsd-client v1.0.0/go.mod h1:D1uEs99MnXBDuAkJMdegj5SxBsBzOctG06Wfxyjr8jE=
github.com/GoMetric/go-statsd-client v1.0.2 h1:HgAeuEAbzVlQGLNqjuGzczqbYwpStPcTjiO0v71ModE=
github.com/GoMetric/go-statsd-client v1.0.2/go.mod h1:B44qfLbrIFTm9+Xhqhep07th+soi+/t8g9HKwUvDlAk=
github.com/dgrijalva/jwt-go v3.2.0+incompatible/go.mod h1:E3ru+11k8xSBh+hMPgOLZmtrrCbhqsmaPHjLKYnJCaQ=
github.com/gorilla/mux v1.7.3/go.mod h1:1lud6UwP+6orDFRuTfBEV8e9/aOM/c4fVVCaMa2zaAs=
